github.com/aws/aws-sdk-go-v2 v1.37.1 h1:SMUxeNz3Z6nqGsXv0JuJXc8w5YMtrQMuIBmDx//bBDY=
github.com/aws/aws-sdk-go-v2 v1.37.1/go.mod h1:9Q0OoGQoboYIAJyslFyF1f5K1Ryddop8gqMhWx/n4Wg=
github.com/aws/aws-sdk-go-v2/config v1.30.2 h1:YE1BmSc4fFYqFgN1mN8uzrtc7R9x+7oSWeX8ckoltAw=
github.com/aws/aws-sdk-go-v2/config v1.30.2/go.mod h1:UNrLGZ6jfAVjgVJpkIxjLufRJqTXCVYOpkeVf83kwBo=
github.com/aws/aws-sdk-go-v2/credentials v1.18.2 h1:mfm0GKY/PHLhs7KO0sUaOtFnIQ15Qqxt+wXbO/5fIfs=
github.com/aws/aws-sdk-go-v2/credentials v1.18.2/go.mod h1:v0SdJX6ayPeZFQxgXUKw5RhLpAoZUuynxWDfh8+Eknc=
github.com/aws/aws-sdk-go-v2/feature/dynamodb/attributevalue v1.20.1 h1:1ToPL5M0nYwkIOTb9r+ION0ZZe9xemRe1mRMWMw5ihs=
github.com/aws/aws-sdk-go-v2/feature/dynamodb/attributevalue v1.20.1/go.mod h1:dDdNpGWZdj4AxADkfM1IG1IutBmSJM7zURhUNOVv/lE=
github.com/aws/aws-sdk-go-v2/feature/ec2/imds v1.18.1 h1:owmNBboeA0kHKDcdF8KiSXmrIuXZustfMGGytv6OMkM=
github.com/aws/aws-sdk-go-v2/feature/ec2/imds v1.18.1/go.mod h1:Bg1miN59SGxrZqlP8vJZSmXW+1N8Y1MjQDq1OfuNod8=
github.com/aws/aws-sdk-go-v2/internal/configsources v1.4.1 h1:ksZXBYv80EFTcgc8OJO48aQ8XDWXIQL7gGasPeCoTzI=
github.com/aws/aws-sdk-go-v2/internal/configsources v1.4.1/go.mod h1:HSksQyyJETVZS7uM54cir0IgxttTD+8aEoJMPGepHBI=
github.com/aws/aws-sdk-go-v2/internal/endpoints/v2 v2.7.1 h1:+dn/xF/05utS7tUhjIcndbuaPjfll2LhbH1cCDGLYUQ=
github.com/aws/aws-sdk-go-v2/internal/endpoints/v2 v2.7.1/go.mod h1:hyAGz30LHdm5KBZDI58MXx5lDVZ5CUfvfTZvMu4HCZo=
github.com/aws/aws-sdk-go-v2/internal/ini v1.8.3 h1:bIqFDwgGXXN1Kpp99pDOdKMTTb5d2KyU5X/BZxjOkRo=
github.com/aws/aws-sdk-go-v2/internal/ini v1.8.3/go.mod h1:H5O/EsxDWyU+LP/V8i5sm8cxoZgc2fdNR9bxlOFrQTo=
github.com/aws/aws-sdk-go-v2/service/dynamodb v1.45.1 h1:gFD9BLrXox2Q5zxFwyD2OnGb40YYofQ/anaGxVP848Q=
github.com/aws/aws-sdk-go-v2/service/dynamodb v1.45.1/go.mod h1:J+qJkxNypYjDcwXldBH+ox2T7OshtP6LOq5VhU0v6hg=
github.com/aws/aws-sdk-go-v2/service/dynamodbstreams v1.27.1 h1:H4W48E0/zjiHLlL59/Y0DpaB+krXsuarjwrquCwMtT4=
github.com/aws/aws-sdk-go-v2/service/dynamodbstreams v1.27.1/go.mod h1:nGsqtVMMjTeFot6U+rLj+mpOcZybPoxyQPMKY4GHwQo=
github.com/aws/aws-sdk-go-v2/service/internal/accept-encoding v1.13.0 h1:6+lZi2JeGKtCraAj1rpoZfKqnQ9SptseRZioejfUOLM=
github.com/aws/aws-sdk-go-v2/service/internal/accept-encoding v1.13.0/go.mod h1:eb3gfbVIxIoGgJsi9pGne19dhCBpK6opTYpQqAmdy44=
github.com/aws/aws-sdk-go-v2/service/internal/endpoint-discovery v1.11.1 h1:/E4JUPMI8LRX2XpXsbmKN42l1lZPoLjGJ/Kun97pLc0=
github.com/aws/aws-sdk-go-v2/service/internal/endpoint-discovery v1.11.1/go.mod h1:qgbd/t8S8y5e87KPQ4kC0kyxZ0K6nC1QiDtFMoxlsOo=
github.com/aws/aws-sdk-go-v2/service/internal/presigned-url v1.13.1 h1:ky79ysLMxhwk5rxJtS+ILd3Mc8kC5fhsLBrP27r6h4I=
github.com/aws/aws-sdk-go-v2/service/internal/presigned-url v1.13.1/go.mod h1:+2MmkvFvPYM1vsozBWduoLJUi5maxFk5B7KJFECujhY=
github.com/aws/aws-sdk-go-v2/service/sso v1.26.1 h1:uWaz3DoNK9MNhm7i6UGxqufwu3BEuJZm72WlpGwyVtY=
github.com/aws/aws-sdk-go-v2/service/sso v1.26.1/go.mod h1:ILpVNjL0BO+Z3Mm0SbEeUoYS9e0eJWV1BxNppp0fcb8=
github.com/aws/aws-sdk-go-v2/service/ssooidc v1.31.1 h1:XdG6/o1/ZDmn3wJU5SRAejHaWgKS4zHv0jBamuKuS2k=
github.com/aws/aws-sdk-go-v2/service/ssooidc v1.31.1/go.mod h1:oiotGTKadCOCl3vg/tYh4k45JlDF81Ka8rdumNhEnIQ=
github.com/aws/aws-sdk-go-v2/service/sts v1.35.1 h1:iF4Xxkc0H9c/K2dS0zZw3SCkj0Z7n6AMnUiiyoJND+I=
github.com/aws/aws-sdk-go-v2/service/sts v1.35.1/go.mod h1:0bxIatfN0aLq4mjoLDeBpOjOke68OsFlXPDFJ7V0MYw=
github.com/aws/smithy-go v1.22.5 h1:P9ATCXPMb2mPjYBgueqJNCA5S9UfktsW0tTxi+a7eqw=
github.com/aws/smithy-go v1.22.5/go.mod h1:t1ufH5HMublsJYulve2RKmHDC15xu1f26kHCp/HgceI=
github.com/davecgh/go-spew v1.1.0/go.mod h1:J7Y8YcW2NihsgmVo/mv3lAwl/skON4iLHjSsI+c5H38=
github.com/davecgh/go-spew v1.1.1 h1:vj9j/u1bqnvCEfJOwUhtlOARqs3+rkHYY13jYWTU97c=
github.com/davecgh/go-spew v1.1.1/go.mod h1:J7Y8YcW2NihsgmVo/mv3lAwl/skON4iLHjSsI+c5H38=
github.com/elastic/elastic-transport-go/v8 v8.7.0 h1:OgTneVuXP2uip4BA658Xi6Hfw+PeIOod2rY3GVMGoVE=
github.com/elastic/elastic-transport-go/v8 v8.7.0/go.mod h1:YLHer5cj0csTzNFXoNQ8qhtGY1GTvSqPnKWKaqQE3Hk=
github.com/elastic/go-elasticsearch/v8 v8.18.1 h1:lPsN2Wk6+QqBeD4ckmOax7G/Y8tAZgroDYG8j6/5Ce0=
github.com/elastic/go-elasticsearch/v8 v8.18.1/go.mod h1:F3j9e+BubmKvzvLjNui/1++nJuJxbkhHefbaT0kFKGY=
github.com/frankban/quicktest v1.14.6 h1:7Xjx+VpznH+oBnejlPUj8oUpdxnVs4f8XU8WnHkI4W8=
github.com/frankban/quicktest v1.14.6/go.mod h1:4ptaffx2x8+WTWXmUCuVU6aPUX1/Mz7zb5vbUoiM6w0=
github.com/fsnotify/fsnotify v1.8.0 h1:dAwr6QBTBZIkG8roQaJjGof0pp0EeF+tNV7YBP3F/8M=
github.com/fsnotify/fsnotify v1.8.0/go.mod h1:8jBTzvmWwFyi3Pb8djgCCO5IBqzKJ/Jwo8TRcHyHii0=
github.com/go-logr/logr v1.2.2/go.mod h1:jdQByPbusPIv2/zmleS9BjJVeZ6kBagPoEUsqbVz/1A=
github.com/go-logr/logr v1.4.3 h1:CjnDlHq8ikf6E492q6eKboGOC0T8CDaOvkHCIg8idEI=
github.com/go-logr/logr v1.4.3/go.mod h1:9T104GzyrTigFIr8wt5mBrctHMim0Nb2HLGrmQ40KvY=
github.com/go-logr/stdr v1.2.2 h1:hSWxHoqTgW2S2qGc0LTAI563KZ5YKYRhT3MFKZMbjag=
github.com/go-logr/stdr v1.2.2/go.mod h1:mMo/vtBO5dYbehREoey6XUKy/eSumjCCveDpRre4VKE=
github.com/go-viper/mapstructure/v2 v2.2.1 h1:ZAaOCxANMuZx5RCeg0mBdEZk7DZasvvZIxtHqx8aGss=
github.com/go-viper/mapstructure/v2 v2.2.1/go.mod h1:oJDH3BJKyqBA2TXFhDsKDGDTlndYOZ6rGS0BRZIxGhM=
github.com/golang/protobuf v1.5.4 h1:i7eJL8qZTpSEXOPTxNKhASYpMn+8e5Q6AdndVa1dWek=
github.com/golang/protobuf v1.5.4/go.mod h1:lnTiLA8Wa4RWRcIUkrtSVa5nRhsEGBg48fD6rSs7xps=
github.com/google/go-cmp v0.7.0 h1:wk8382ETsv4JYUZwIsn6YpYiWiBsYLSJiTsyBybVuN8=
github.com/google/go-cmp v0.7.0/go.mod h1:pXiqmnSA92OHEEa9HXL2W4E7lf9JzCmGVUdgjX3N/iU=
github.com/google/uuid v1.6.0 h1:NIvaJDMOsjHA8n1jAhLSgzrAzy1Hgr+hNrb57e+94F0=
github.com/google/uuid v1.6.0/go.mod h1:TIyPZe4MgqvfeYDBFedMoGGpEw/LqOeaOT+nhxU+yHo=
github.com/kr/pretty v0.3.1 h1:flRD4NNwYAUpkphVc1HcthR4KEIFJ65n8Mw5qdRn3LE=
github.com/kr/pretty v0.3.1/go.mod h1:hoEshYVHaxMs3cyo3Yncou5ZscifuDolrwPKZanG3xk=
github.com/kr/text v0.2.0 h1:5Nx0Ya0ZqY2ygV366QzturHI13Jq95ApcVaJBhpS+AY=
github.com/kr/text v0.2.0/go.mod h1:eLer722TekiGuMkidMxC/pM04lWEeraHUUmBw8l2grE=
github.com/pelletier/go-toml/v2 v2.2.3 h1:YmeHyLY8mFWbdkNWwpr+qIL2bEqT0o95WSdkNHvL12M=
github.com/pelletier/go-toml/v2 v2.2.3/go.mod h1:MfCQTFTvCcUyyvvwm1+G6H/jORL20Xlb6rzQu9GuUkc=
github.com/pmezard/go-difflib v1.0.0 h1:4DBwDE0NGyQoBHbLQYPwSUPoCMWR5BEzIk/f1lZbAQM=
github.com/pmezard/go-difflib v1.0.0/go.mod h1:iKH77koFhYxTK1pcRnkKkqfTogsbg7gZNVY4sRDYZ/4=
github.com/rabbitmq/amqp091-go v1.10.0 h1:STpn5XsHlHGcecLmMFCtg7mqq0RnD+zFr4uzukfVhBw=
github.com/rabbitmq/amqp091-go v1.10.0/go.mod h1:Hy4jKW5kQART1u+JkDTF9YYOQUHXqMuhrgxOEeS7G4o=
github.com/rogpeppe/go-internal v1.13.1 h1:KvO1DLK/DRN07sQ1LQKScxyZJuNnedQ5/wKSR38lUII=
github.com/rogpeppe/go-internal v1.13.1/go.mod h1:uMEvuHeurkdAXX61udpOXGD/AzZDWNMNyH2VO9fmH0o=
github.com/sagikazarmark/locafero v0.7.0 h1:5MqpDsTGNDhY8sGp0Aowyf0qKsPrhewaLSsFaodPcyo=
github.com/sagikazarmark/locafero v0.7.0/go.mod h1:2za3Cg5rMaTMoG/2Ulr9AwtFaIppKXTRYnozin4aB5k=
github.com/sourcegraph/conc v0.3.0 h1:OQTbbt6P72L20UqAkXXuLOj79LfEanQ+YQFNpLA9ySo=
github.com/sourcegraph/conc v0.3.0/go.mod h1:Sdozi7LEKbFPqYX2/J+iBAM6HpqSLTASQIKqDmF7Mt0=
github.com/spf13/afero v1.12.0 h1:UcOPyRBYczmFn6yvphxkn9ZEOY65cpwGKb5mL36mrqs=
github.com/spf13/afero v1.12.0/go.mod h1:ZTlWwG4/ahT8W7T0WQ5uYmjI9duaLQGy3Q2OAl4sk/4=
github.com/spf13/cast v1.7.1 h1:cuNEagBQEHWN1FnbGEjCXL2szYEXqfJPbP2HNUaca9Y=
github.com/spf13/cast v1.7.1/go.mod h1:ancEpBxwJDODSW/UG4rDrAqiKolqNNh2DX3mk86cAdo=
github.com/spf13/pflag v1.0.6 h1:jFzHGLGAlb3ruxLB8MhbI6A8+AQX/2eW4qeyNZXNp2o=
github.com/spf13/pflag v1.0.6/go.mod h1:McXfInJRrz4CZXVZOBLb0bTZqETkiAhM9Iw0y3An2Bg=
github.com/spf13/viper v1.20.1 h1:ZMi+z/lvLyPSCoNtFCpqjy0S4kPbirhpTMwl8BkW9X4=
github.com/spf13/viper v1.20.1/go.mod h1:P9Mdzt1zoHIG8m2eZQinpiBjo6kCmZSKBClNNqjJvu4=
github.com/stretchr/objx v0.1.0/go.mod h1:HFkY916IF+rwdDfMAkV7OtwuqBVzrE8GR6GFx+wExME=
github.com/stretchr/testify v1.3.0/go.mod h1:M5WIy9Dh21IEIfnGCwXGc5bZfKNJtfHm1UVUgZn+9EI=
github.com/stretchr/testify v1.10.0 h1:Xv5erBjTwe/5IxqUQTdXv5kgmIvbHo3QQyRwhJsOfJA=
github.com/stretchr/testify v1.10.0/go.mod h1:r2ic/lqez/lEtzL7wO/rwa5dbSLXVDPFyf8C91i36aY=
github.com/subosito/gotenv v1.6.0 h1:9NlTDc1FTs4qu0DDq7AEtTPNw6SVm7uBMsUCUjABIf8=
github.com/subosito/gotenv v1.6.0/go.mod h1:Dk4QP5c2W3ibzajGcXpNraDfq2IrhjMIvMSWPKKo0FU=
go.opentelemetry.io/auto/sdk v1.1.0 h1:cH53jehLUN6UFLY71z+NDOiNJqDdPRaXzTel0sJySYA=
go.opentelemetry.io/auto/sdk v1.1.0/go.mod h1:3wSPjt5PWp2RhlCcmmOial7AvC4DQqZb7a7wCow3W8A=
go.opentelemetry.io/otel v1.36.0 h1:UumtzIklRBY6cI/lllNZlALOF5nNIzJVb16APdvgTXg=
go.opentelemetry.io/otel v1.36.0/go.mod h1:/TcFMXYjyRNh8khOAO9ybYkqaDBb/70aVwkNML4pP8E=
go.opentelemetry.io/otel/metric v1.36.0 h1:MoWPKVhQvJ+eeXWHFBOPoBOi20jh6Iq2CcCREuTYufE=
go.opentelemetry.io/otel/metric v1.36.0/go.mod h1:zC7Ks+yeyJt4xig9DEw9kuUFe5C3zLbVjV2PzT6qzbs=
go.opentelemetry.io/otel/sdk v1.36.0 h1:b6SYIuLRs88ztox4EyrvRti80uXIFy+Sqzoh9kFULbs=
go.opentelemetry.io/otel/sdk v1.36.0/go.mod h1:+lC+mTgD+MUWfjJubi2vvXWcVxyr9rmlshZni72pXeY=
go.opentelemetry.io/otel/sdk/metric v1.36.0 h1:r0ntwwGosWGaa0CrSt8cuNuTcccMXERFwHX4dThiPis=
go.opentelemetry.io/otel/sdk/metric v1.36.0/go.mod h1:qTNOhFDfKRwX0yXOqJYegL5WRaW376QbB7P4Pb0qva4=
go.opentelemetry.io/otel/trace v1.36.0 h1:ahxWNuqZjpdiFAyrIoQ4GIiAIhxAunQR6MUoKrsNd4w=
go.opentelemetry.io/otel/trace v1.36.0/go.mod h1:gQ+OnDZzrybY4k4seLzPAWNwVBBVlF2szhehOBB/tGA=
go.uber.org/atomic v1.9.0 h1:ECmE8Bn/WFTYwEW/bpKD3M8VtR/zQVbavAoalC1PYyE=
go.uber.org/atomic v1.9.0/go.mod h1:fEN4uk6kAWBTFdckzkM89CLk9XfWZrxpCo0nPH17wJc=
go.uber.org/goleak v1.3.0 h1:2K3zAYmnTNqV73imy9J1T3WC+gmCePx2hEGkimedGto=
go.uber.org/goleak v1.3.0/go.mod h1:CoHD4mav9JJNrW/WLlf7HGZPjdw8EucARQHekz1X6bE=
go.uber.org/multierr v1.9.0 h1:7fIwc/ZtS0q++VgcfqFDxSBZVv/Xo49/SYnDFupUwlI=
go.uber.org/multierr v1.9.0/go.mod h1:X2jQV1h+kxSjClGpnseKVIxpmcjrj7MNnI0bnlfKTVQ=
golang.org/x/net v0.40.0 h1:79Xs7wF06Gbdcg4kdCCIQArK11Z1hr5POQ6+fIYHNuY=
golang.org/x/net v0.40.0/go.mod h1:y0hY0exeL2Pku80/zKK7tpntoX23cqL3Oa6njdgRtds=
golang.org/x/sys v0.33.0 h1:q3i8TbbEz+JRD9ywIRlyRAQbM0qF7hu24q3teo2hbuw=
golang.org/x/sys v0.33.0/go.mod h1:BJP2sWEmIv4KK5OTEluFJCKSidICx8ciO85XgH3Ak8k=
golang.org/x/text v0.25.0 h1:qVyWApTSYLk/drJRO5mDlNYskwQznZmkpV2c8q9zls4=
golang.org/x/text v0.25.0/go.mod h1:WEdwpYrmk1qmdHvhkSTNPm3app7v4rsT8F2UD6+VHIA=
google.golang.org/genproto/googleapis/rpc v0.0.0-20250528174236-200df99c418a h1:v2PbRU4K3llS09c7zodFpNePeamkAwG3mPrAery9VeE=
google.golang.org/genproto/googleapis/rpc v0.0.0-20250528174236-200df99c418a/go.mod h1:qQ0YXyHHx3XkvlzUtpXDkS29lDSafHMZBAZDc03LQ3A=
google.golang.org/grpc v1.74.2 h1:WoosgB65DlWVC9FqI82dGsZhWFNBSLjQ84bjROOpMu4=
google.golang.org/grpc v1.74.2/go.mod h1:CtQ+BGjaAIXHs/5YS3i473GqwBBa1zGQNevxdeBEXrM=
google.golang.org/protobuf v1.36.6 h1:z1NpPI8ku2WgiWnf+t9wTPsn6eP1L7ksHUlkfLvd9xY=
google.golang.org/protobuf v1.36.6/go.mod h1:jduwjTPXsFjZGTmRluh+L6NjiWu7pchiJ2/5YcXBHnY=
gopkg.in/check.v1 v0.0.0-20161208181325-20d25e280405/go.mod h1:Co6ibVJAznAaIkqp8huTwlJQCZ016jof/cbN4VW5Yz0=
gopkg.in/check.v1 v1.0.0-20201130134442-10cb98267c6c h1:Hei/4ADfdWqJk1ZMxUNpqntNwaWcugrBjAiHlqqRiVk=
gopkg.in/check.v1 v1.0.0-20201130134442-10cb98267c6c/go.mod h1:JHkPIbrfpd72SG/EVd6muEfDQjcINNoR0C8j2r3qZ4Q=
gopkg.in/yaml.v3 v3.0.1 h1:fxVm/GzAzEWqLHuvctI91KS9hhNmmWOoWu0XTYJS7CA=
gopkg.in/yaml.v3 v3.0.1/go.mod h1:K4uyk7z7BCEPqu6E+C64Yfv1cQ7kz7rIZviUmN+EgEM=
